
Microsoft Visual Studio Solution File, Format Version 12.00
# Visual Studio Version 16
VisualStudioVersion = 16.0.31410.223
MinimumVisualStudioVersion = 10.0.40219.1
Project("{D954291E-2A0B-460D-934E-DC6B0785DB48}") = "FinalUno.Shared", "FinalUno\FinalUno.Shared\FinalUno.Shared.shproj", "{6279C845-92F8-4333-AB99-3D213163593C}"
EndProject
Project("{2150E333-8FDC-42A3-9474-1A3956D46DE8}") = "Platforms", "Platforms", "{82613132-51BF-4F0C-A668-51450C215264}"
EndProject
Project("{FAE04EC0-301F-11D3-BF4B-00C04F79EFBC}") = "FinalUno.Droid", "FinalUno\FinalUno.Droid\FinalUno.Droid.csproj", "{3928C573-5B12-406F-A8CC-CE1138122082}"
EndProject
Project("{FAE04EC0-301F-11D3-BF4B-00C04F79EFBC}") = "FinalUno.iOS", "FinalUno\FinalUno.iOS\FinalUno.iOS.csproj", "{2AD4DB8B-0AF3-40D5-AF60-8F135493F853}"
EndProject
Project("{FAE04EC0-301F-11D3-BF4B-00C04F79EFBC}") = "FinalUno.UWP", "FinalUno\FinalUno.UWP\FinalUno.UWP.csproj", "{862C07EF-9577-4A0B-81F6-BABB6BD3668B}"
EndProject
Project("{FAE04EC0-301F-11D3-BF4B-00C04F79EFBC}") = "FinalUno.Wasm", "FinalUno\FinalUno.Wasm\FinalUno.Wasm.csproj", "{C417F51C-5CAD-4135-98DA-9F561E8A2DCE}"
EndProject
Project("{FAE04EC0-301F-11D3-BF4B-00C04F79EFBC}") = "FinalUno.macOS", "FinalUno\FinalUno.macOS\FinalUno.macOS.csproj", "{448D8C80-F134-4971-A8C3-DECE6242C984}"
EndProject
Project("{FAE04EC0-301F-11D3-BF4B-00C04F79EFBC}") = "FinalUno.Skia.Wpf.Host", "FinalUno\FinalUno.Skia.Wpf.Host\FinalUno.Skia.Wpf.Host.csproj", "{2AD8D26E-789A-4773-A0FC-35B3B71E5E82}"
EndProject
Project("{FAE04EC0-301F-11D3-BF4B-00C04F79EFBC}") = "FinalUno.Skia.Wpf", "FinalUno\FinalUno.Skia.Wpf\FinalUno.Skia.Wpf.csproj", "{4211F38F-9032-4A7B-966B-21A5A5CE0C01}"
EndProject
Project("{FAE04EC0-301F-11D3-BF4B-00C04F79EFBC}") = "FinalUno.Skia.Gtk", "FinalUno\FinalUno.Skia.Gtk\FinalUno.Skia.Gtk.csproj", "{A5938816-9137-474E-9CAD-CC4D93C67E04}"
EndProject
Project("{FAE04EC0-301F-11D3-BF4B-00C04F79EFBC}") = "FinalUno.Skia.Tizen", "FinalUno\FinalUno.Skia.Tizen\FinalUno.Skia.Tizen.csproj", "{3DCA1F90-B3C9-4C7A-80E5-CA5EFBB2602B}"
EndProject
Global
	GlobalSection(SharedMSBuildProjectFiles) = preSolution
		FinalUno\FinalUno.Shared\FinalUno.Shared.projitems*{2ad4db8b-0af3-40d5-af60-8f135493f853}*SharedItemsImports = 4
		FinalUno\FinalUno.Shared\FinalUno.Shared.projitems*{3928c573-5b12-406f-a8cc-ce1138122082}*SharedItemsImports = 4
		FinalUno\FinalUno.Shared\FinalUno.Shared.projitems*{3dca1f90-b3c9-4c7a-80e5-ca5efbb2602b}*SharedItemsImports = 5
		FinalUno\FinalUno.Shared\FinalUno.Shared.projitems*{4211f38f-9032-4a7b-966b-21a5a5ce0c01}*SharedItemsImports = 5
		FinalUno\FinalUno.Shared\FinalUno.Shared.projitems*{448d8c80-f134-4971-a8c3-dece6242c984}*SharedItemsImports = 4
		FinalUno\FinalUno.Shared\FinalUno.Shared.projitems*{6279c845-92f8-4333-ab99-3d213163593c}*SharedItemsImports = 13
		FinalUno\FinalUno.Shared\FinalUno.Shared.projitems*{862c07ef-9577-4a0b-81f6-babb6bd3668b}*SharedItemsImports = 4
		FinalUno\FinalUno.Shared\FinalUno.Shared.projitems*{a5938816-9137-474e-9cad-cc4d93c67e04}*SharedItemsImports = 5
		FinalUno\FinalUno.Shared\FinalUno.Shared.projitems*{c417f51c-5cad-4135-98da-9f561e8a2dce}*SharedItemsImports = 5
	EndGlobalSection
	GlobalSection(SolutionConfigurationPlatforms) = preSolution
		Ad-Hoc|Any CPU = Ad-Hoc|Any CPU
		Ad-Hoc|ARM = Ad-Hoc|ARM
		Ad-Hoc|ARM64 = Ad-Hoc|ARM64
		Ad-Hoc|iPhone = Ad-Hoc|iPhone
		Ad-Hoc|iPhoneSimulator = Ad-Hoc|iPhoneSimulator
		Ad-Hoc|x64 = Ad-Hoc|x64
		Ad-Hoc|x86 = Ad-Hoc|x86
		AppStore|Any CPU = AppStore|Any CPU
		AppStore|ARM = AppStore|ARM
		AppStore|ARM64 = AppStore|ARM64
		AppStore|iPhone = AppStore|iPhone
		AppStore|iPhoneSimulator = AppStore|iPhoneSimulator
		AppStore|x64 = AppStore|x64
		AppStore|x86 = AppStore|x86
		Debug|Any CPU = Debug|Any CPU
		Debug|ARM = Debug|ARM
		Debug|ARM64 = Debug|ARM64
		Debug|iPhone = Debug|iPhone
		Debug|iPhoneSimulator = Debug|iPhoneSimulator
		Debug|x64 = Debug|x64
		Debug|x86 = Debug|x86
		Release|Any CPU = Release|Any CPU
		Release|ARM = Release|ARM
		Release|ARM64 = Release|ARM64
		Release|iPhone = Release|iPhone
		Release|iPhoneSimulator = Release|iPhoneSimulator
		Release|x64 = Release|x64
		Release|x86 = Release|x86
	EndGlobalSection
	GlobalSection(ProjectConfigurationPlatforms) = postSolution
		{3928C573-5B12-406F-A8CC-CE1138122082}.Ad-Hoc|Any CPU.ActiveCfg = Debug|Any CPU
		{3928C573-5B12-406F-A8CC-CE1138122082}.Ad-Hoc|Any CPU.Build.0 = Debug|Any CPU
		{3928C573-5B12-406F-A8CC-CE1138122082}.Ad-Hoc|Any CPU.Deploy.0 = Debug|Any CPU
		{3928C573-5B12-406F-A8CC-CE1138122082}.Ad-Hoc|ARM.ActiveCfg = Debug|Any CPU
		{3928C573-5B12-406F-A8CC-CE1138122082}.Ad-Hoc|ARM.Build.0 = Debug|Any CPU
		{3928C573-5B12-406F-A8CC-CE1138122082}.Ad-Hoc|ARM.Deploy.0 = Debug|Any CPU
		{3928C573-5B12-406F-A8CC-CE1138122082}.Ad-Hoc|ARM64.ActiveCfg = Debug|Any CPU
		{3928C573-5B12-406F-A8CC-CE1138122082}.Ad-Hoc|ARM64.Build.0 = Debug|Any CPU
		{3928C573-5B12-406F-A8CC-CE1138122082}.Ad-Hoc|ARM64.Deploy.0 = Debug|Any CPU
		{3928C573-5B12-406F-A8CC-CE1138122082}.Ad-Hoc|iPhone.ActiveCfg = Debug|Any CPU
		{3928C573-5B12-406F-A8CC-CE1138122082}.Ad-Hoc|iPhone.Build.0 = Debug|Any CPU
		{3928C573-5B12-406F-A8CC-CE1138122082}.Ad-Hoc|iPhone.Deploy.0 = Debug|Any CPU
		{3928C573-5B12-406F-A8CC-CE1138122082}.Ad-Hoc|iPhoneSimulator.ActiveCfg = Debug|Any CPU
		{3928C573-5B12-406F-A8CC-CE1138122082}.Ad-Hoc|iPhoneSimulator.Build.0 = Debug|Any CPU
		{3928C573-5B12-406F-A8CC-CE1138122082}.Ad-Hoc|iPhoneSimulator.Deploy.0 = Debug|Any CPU
		{3928C573-5B12-406F-A8CC-CE1138122082}.Ad-Hoc|x64.ActiveCfg = Debug|Any CPU
		{3928C573-5B12-406F-A8CC-CE1138122082}.Ad-Hoc|x64.Build.0 = Debug|Any CPU
		{3928C573-5B12-406F-A8CC-CE1138122082}.Ad-Hoc|x64.Deploy.0 = Debug|Any CPU
		{3928C573-5B12-406F-A8CC-CE1138122082}.Ad-Hoc|x86.ActiveCfg = Debug|Any CPU
		{3928C573-5B12-406F-A8CC-CE1138122082}.Ad-Hoc|x86.Build.0 = Debug|Any CPU
		{3928C573-5B12-406F-A8CC-CE1138122082}.Ad-Hoc|x86.Deploy.0 = Debug|Any CPU
		{3928C573-5B12-406F-A8CC-CE1138122082}.AppStore|Any CPU.ActiveCfg = Debug|Any CPU
		{3928C573-5B12-406F-A8CC-CE1138122082}.AppStore|Any CPU.Build.0 = Debug|Any CPU
		{3928C573-5B12-406F-A8CC-CE1138122082}.AppStore|Any CPU.Deploy.0 = Debug|Any CPU
		{3928C573-5B12-406F-A8CC-CE1138122082}.AppStore|ARM.ActiveCfg = Debug|Any CPU
		{3928C573-5B12-406F-A8CC-CE1138122082}.AppStore|ARM.Build.0 = Debug|Any CPU
		{3928C573-5B12-406F-A8CC-CE1138122082}.AppStore|ARM.Deploy.0 = Debug|Any CPU
		{3928C573-5B12-406F-A8CC-CE1138122082}.AppStore|ARM64.ActiveCfg = Debug|Any CPU
		{3928C573-5B12-406F-A8CC-CE1138122082}.AppStore|ARM64.Build.0 = Debug|Any CPU
		{3928C573-5B12-406F-A8CC-CE1138122082}.AppStore|ARM64.Deploy.0 = Debug|Any CPU
		{3928C573-5B12-406F-A8CC-CE1138122082}.AppStore|iPhone.ActiveCfg = Debug|Any CPU
		{3928C573-5B12-406F-A8CC-CE1138122082}.AppStore|iPhone.Build.0 = Debug|Any CPU
		{3928C573-5B12-406F-A8CC-CE1138122082}.AppStore|iPhone.Deploy.0 = Debug|Any CPU
		{3928C573-5B12-406F-A8CC-CE1138122082}.AppStore|iPhoneSimulator.ActiveCfg = Debug|Any CPU
		{3928C573-5B12-406F-A8CC-CE1138122082}.AppStore|iPhoneSimulator.Build.0 = Debug|Any CPU
		{3928C573-5B12-406F-A8CC-CE1138122082}.AppStore|iPhoneSimulator.Deploy.0 = Debug|Any CPU
		{3928C573-5B12-406F-A8CC-CE1138122082}.AppStore|x64.ActiveCfg = Debug|Any CPU
		{3928C573-5B12-406F-A8CC-CE1138122082}.AppStore|x64.Build.0 = Debug|Any CPU
		{3928C573-5B12-406F-A8CC-CE1138122082}.AppStore|x64.Deploy.0 = Debug|Any CPU
		{3928C573-5B12-406F-A8CC-CE1138122082}.AppStore|x86.ActiveCfg = Debug|Any CPU
		{3928C573-5B12-406F-A8CC-CE1138122082}.AppStore|x86.Build.0 = Debug|Any CPU
		{3928C573-5B12-406F-A8CC-CE1138122082}.AppStore|x86.Deploy.0 = Debug|Any CPU
		{3928C573-5B12-406F-A8CC-CE1138122082}.Debug|Any CPU.ActiveCfg = Debug|Any CPU
		{3928C573-5B12-406F-A8CC-CE1138122082}.Debug|Any CPU.Build.0 = Debug|Any CPU
		{3928C573-5B12-406F-A8CC-CE1138122082}.Debug|Any CPU.Deploy.0 = Debug|Any CPU
		{3928C573-5B12-406F-A8CC-CE1138122082}.Debug|ARM.ActiveCfg = Debug|Any CPU
		{3928C573-5B12-406F-A8CC-CE1138122082}.Debug|ARM.Build.0 = Debug|Any CPU
		{3928C573-5B12-406F-A8CC-CE1138122082}.Debug|ARM.Deploy.0 = Debug|Any CPU
		{3928C573-5B12-406F-A8CC-CE1138122082}.Debug|ARM64.ActiveCfg = Debug|Any CPU
		{3928C573-5B12-406F-A8CC-CE1138122082}.Debug|ARM64.Build.0 = Debug|Any CPU
		{3928C573-5B12-406F-A8CC-CE1138122082}.Debug|ARM64.Deploy.0 = Debug|Any CPU
		{3928C573-5B12-406F-A8CC-CE1138122082}.Debug|iPhone.ActiveCfg = Debug|Any CPU
		{3928C573-5B12-406F-A8CC-CE1138122082}.Debug|iPhone.Build.0 = Debug|Any CPU
		{3928C573-5B12-406F-A8CC-CE1138122082}.Debug|iPhone.Deploy.0 = Debug|Any CPU
		{3928C573-5B12-406F-A8CC-CE1138122082}.Debug|iPhoneSimulator.ActiveCfg = Debug|Any CPU
		{3928C573-5B12-406F-A8CC-CE1138122082}.Debug|iPhoneSimulator.Build.0 = Debug|Any CPU
		{3928C573-5B12-406F-A8CC-CE1138122082}.Debug|iPhoneSimulator.Deploy.0 = Debug|Any CPU
		{3928C573-5B12-406F-A8CC-CE1138122082}.Debug|x64.ActiveCfg = Debug|Any CPU
		{3928C573-5B12-406F-A8CC-CE1138122082}.Debug|x64.Build.0 = Debug|Any CPU
		{3928C573-5B12-406F-A8CC-CE1138122082}.Debug|x64.Deploy.0 = Debug|Any CPU
		{3928C573-5B12-406F-A8CC-CE1138122082}.Debug|x86.ActiveCfg = Debug|Any CPU
		{3928C573-5B12-406F-A8CC-CE1138122082}.Debug|x86.Build.0 = Debug|Any CPU
		{3928C573-5B12-406F-A8CC-CE1138122082}.Debug|x86.Deploy.0 = Debug|Any CPU
		{3928C573-5B12-406F-A8CC-CE1138122082}.Release|Any CPU.ActiveCfg = Release|Any CPU
		{3928C573-5B12-406F-A8CC-CE1138122082}.Release|Any CPU.Build.0 = Release|Any CPU
		{3928C573-5B12-406F-A8CC-CE1138122082}.Release|Any CPU.Deploy.0 = Release|Any CPU
		{3928C573-5B12-406F-A8CC-CE1138122082}.Release|ARM.ActiveCfg = Release|Any CPU
		{3928C573-5B12-406F-A8CC-CE1138122082}.Release|ARM.Build.0 = Release|Any CPU
		{3928C573-5B12-406F-A8CC-CE1138122082}.Release|ARM.Deploy.0 = Release|Any CPU
		{3928C573-5B12-406F-A8CC-CE1138122082}.Release|ARM64.ActiveCfg = Release|Any CPU
		{3928C573-5B12-406F-A8CC-CE1138122082}.Release|ARM64.Build.0 = Release|Any CPU
		{3928C573-5B12-406F-A8CC-CE1138122082}.Release|ARM64.Deploy.0 = Release|Any CPU
		{3928C573-5B12-406F-A8CC-CE1138122082}.Release|iPhone.ActiveCfg = Release|Any CPU
		{3928C573-5B12-406F-A8CC-CE1138122082}.Release|iPhone.Build.0 = Release|Any CPU
		{3928C573-5B12-406F-A8CC-CE1138122082}.Release|iPhone.Deploy.0 = Release|Any CPU
		{3928C573-5B12-406F-A8CC-CE1138122082}.Release|iPhoneSimulator.ActiveCfg = Release|Any CPU
		{3928C573-5B12-406F-A8CC-CE1138122082}.Release|iPhoneSimulator.Build.0 = Release|Any CPU
		{3928C573-5B12-406F-A8CC-CE1138122082}.Release|iPhoneSimulator.Deploy.0 = Release|Any CPU
		{3928C573-5B12-406F-A8CC-CE1138122082}.Release|x64.ActiveCfg = Release|Any CPU
		{3928C573-5B12-406F-A8CC-CE1138122082}.Release|x64.Build.0 = Release|Any CPU
		{3928C573-5B12-406F-A8CC-CE1138122082}.Release|x64.Deploy.0 = Release|Any CPU
		{3928C573-5B12-406F-A8CC-CE1138122082}.Release|x86.ActiveCfg = Release|Any CPU
		{3928C573-5B12-406F-A8CC-CE1138122082}.Release|x86.Build.0 = Release|Any CPU
		{3928C573-5B12-406F-A8CC-CE1138122082}.Release|x86.Deploy.0 = Release|Any CPU
		{2AD4DB8B-0AF3-40D5-AF60-8F135493F853}.Ad-Hoc|Any CPU.ActiveCfg = Ad-Hoc|iPhoneSimulator
		{2AD4DB8B-0AF3-40D5-AF60-8F135493F853}.Ad-Hoc|ARM.ActiveCfg = Ad-Hoc|iPhoneSimulator
		{2AD4DB8B-0AF3-40D5-AF60-8F135493F853}.Ad-Hoc|ARM64.ActiveCfg = Ad-Hoc|iPhoneSimulator
		{2AD4DB8B-0AF3-40D5-AF60-8F135493F853}.Ad-Hoc|iPhone.ActiveCfg = Ad-Hoc|iPhone
		{2AD4DB8B-0AF3-40D5-AF60-8F135493F853}.Ad-Hoc|iPhone.Build.0 = Ad-Hoc|iPhone
		{2AD4DB8B-0AF3-40D5-AF60-8F135493F853}.Ad-Hoc|iPhoneSimulator.ActiveCfg = Ad-Hoc|iPhoneSimulator
		{2AD4DB8B-0AF3-40D5-AF60-8F135493F853}.Ad-Hoc|iPhoneSimulator.Build.0 = Ad-Hoc|iPhoneSimulator
		{2AD4DB8B-0AF3-40D5-AF60-8F135493F853}.Ad-Hoc|x64.ActiveCfg = Ad-Hoc|iPhoneSimulator
		{2AD4DB8B-0AF3-40D5-AF60-8F135493F853}.Ad-Hoc|x86.ActiveCfg = Ad-Hoc|iPhoneSimulator
		{2AD4DB8B-0AF3-40D5-AF60-8F135493F853}.AppStore|Any CPU.ActiveCfg = AppStore|iPhoneSimulator
		{2AD4DB8B-0AF3-40D5-AF60-8F135493F853}.AppStore|ARM.ActiveCfg = AppStore|iPhoneSimulator
		{2AD4DB8B-0AF3-40D5-AF60-8F135493F853}.AppStore|ARM64.ActiveCfg = AppStore|iPhoneSimulator
		{2AD4DB8B-0AF3-40D5-AF60-8F135493F853}.AppStore|iPhone.ActiveCfg = AppStore|iPhone
		{2AD4DB8B-0AF3-40D5-AF60-8F135493F853}.AppStore|iPhone.Build.0 = AppStore|iPhone
		{2AD4DB8B-0AF3-40D5-AF60-8F135493F853}.AppStore|iPhoneSimulator.ActiveCfg = AppStore|iPhoneSimulator
		{2AD4DB8B-0AF3-40D5-AF60-8F135493F853}.AppStore|iPhoneSimulator.Build.0 = AppStore|iPhoneSimulator
		{2AD4DB8B-0AF3-40D5-AF60-8F135493F853}.AppStore|x64.ActiveCfg = AppStore|iPhoneSimulator
		{2AD4DB8B-0AF3-40D5-AF60-8F135493F853}.AppStore|x86.ActiveCfg = AppStore|iPhoneSimulator
		{2AD4DB8B-0AF3-40D5-AF60-8F135493F853}.Debug|Any CPU.ActiveCfg = Debug|iPhoneSimulator
		{2AD4DB8B-0AF3-40D5-AF60-8F135493F853}.Debug|ARM.ActiveCfg = Debug|iPhoneSimulator
		{2AD4DB8B-0AF3-40D5-AF60-8F135493F853}.Debug|ARM64.ActiveCfg = Debug|iPhoneSimulator
		{2AD4DB8B-0AF3-40D5-AF60-8F135493F853}.Debug|iPhone.ActiveCfg = Debug|iPhone
		{2AD4DB8B-0AF3-40D5-AF60-8F135493F853}.Debug|iPhone.Build.0 = Debug|iPhone
		{2AD4DB8B-0AF3-40D5-AF60-8F135493F853}.Debug|iPhoneSimulator.ActiveCfg = Debug|iPhoneSimulator
		{2AD4DB8B-0AF3-40D5-AF60-8F135493F853}.Debug|iPhoneSimulator.Build.0 = Debug|iPhoneSimulator
		{2AD4DB8B-0AF3-40D5-AF60-8F135493F853}.Debug|x64.ActiveCfg = Debug|iPhoneSimulator
		{2AD4DB8B-0AF3-40D5-AF60-8F135493F853}.Debug|x86.ActiveCfg = Debug|iPhoneSimulator
		{2AD4DB8B-0AF3-40D5-AF60-8F135493F853}.Release|Any CPU.ActiveCfg = Release|iPhoneSimulator
		{2AD4DB8B-0AF3-40D5-AF60-8F135493F853}.Release|ARM.ActiveCfg = Release|iPhoneSimulator
		{2AD4DB8B-0AF3-40D5-AF60-8F135493F853}.Release|ARM64.ActiveCfg = Release|iPhoneSimulator
		{2AD4DB8B-0AF3-40D5-AF60-8F135493F853}.Release|iPhone.ActiveCfg = Release|iPhone
		{2AD4DB8B-0AF3-40D5-AF60-8F135493F853}.Release|iPhone.Build.0 = Release|iPhone
		{2AD4DB8B-0AF3-40D5-AF60-8F135493F853}.Release|iPhoneSimulator.ActiveCfg = Release|iPhoneSimulator
		{2AD4DB8B-0AF3-40D5-AF60-8F135493F853}.Release|iPhoneSimulator.Build.0 = Release|iPhoneSimulator
		{2AD4DB8B-0AF3-40D5-AF60-8F135493F853}.Release|x64.ActiveCfg = Release|iPhoneSimulator
		{2AD4DB8B-0AF3-40D5-AF60-8F135493F853}.Release|x86.ActiveCfg = Release|iPhoneSimulator
		{862C07EF-9577-4A0B-81F6-BABB6BD3668B}.Ad-Hoc|Any CPU.ActiveCfg = Debug|x86
		{862C07EF-9577-4A0B-81F6-BABB6BD3668B}.Ad-Hoc|Any CPU.Build.0 = Debug|x86
		{862C07EF-9577-4A0B-81F6-BABB6BD3668B}.Ad-Hoc|Any CPU.Deploy.0 = Debug|x86
		{862C07EF-9577-4A0B-81F6-BABB6BD3668B}.Ad-Hoc|ARM.ActiveCfg = Debug|ARM
		{862C07EF-9577-4A0B-81F6-BABB6BD3668B}.Ad-Hoc|ARM.Build.0 = Debug|ARM
		{862C07EF-9577-4A0B-81F6-BABB6BD3668B}.Ad-Hoc|ARM.Deploy.0 = Debug|ARM
		{862C07EF-9577-4A0B-81F6-BABB6BD3668B}.Ad-Hoc|ARM64.ActiveCfg = Debug|ARM64
		{862C07EF-9577-4A0B-81F6-BABB6BD3668B}.Ad-Hoc|ARM64.Build.0 = Debug|ARM64
		{862C07EF-9577-4A0B-81F6-BABB6BD3668B}.Ad-Hoc|ARM64.Deploy.0 = Debug|ARM64
		{862C07EF-9577-4A0B-81F6-BABB6BD3668B}.Ad-Hoc|iPhone.ActiveCfg = Debug|x86
		{862C07EF-9577-4A0B-81F6-BABB6BD3668B}.Ad-Hoc|iPhone.Build.0 = Debug|x86
		{862C07EF-9577-4A0B-81F6-BABB6BD3668B}.Ad-Hoc|iPhone.Deploy.0 = Debug|x86
		{862C07EF-9577-4A0B-81F6-BABB6BD3668B}.Ad-Hoc|iPhoneSimulator.ActiveCfg = Debug|x86
		{862C07EF-9577-4A0B-81F6-BABB6BD3668B}.Ad-Hoc|iPhoneSimulator.Build.0 = Debug|x86
		{862C07EF-9577-4A0B-81F6-BABB6BD3668B}.Ad-Hoc|iPhoneSimulator.Deploy.0 = Debug|x86
		{862C07EF-9577-4A0B-81F6-BABB6BD3668B}.Ad-Hoc|x64.ActiveCfg = Debug|x64
		{862C07EF-9577-4A0B-81F6-BABB6BD3668B}.Ad-Hoc|x64.Build.0 = Debug|x64
		{862C07EF-9577-4A0B-81F6-BABB6BD3668B}.Ad-Hoc|x64.Deploy.0 = Debug|x64
		{862C07EF-9577-4A0B-81F6-BABB6BD3668B}.Ad-Hoc|x86.ActiveCfg = Debug|x86
		{862C07EF-9577-4A0B-81F6-BABB6BD3668B}.Ad-Hoc|x86.Build.0 = Debug|x86
		{862C07EF-9577-4A0B-81F6-BABB6BD3668B}.Ad-Hoc|x86.Deploy.0 = Debug|x86
		{862C07EF-9577-4A0B-81F6-BABB6BD3668B}.AppStore|Any CPU.ActiveCfg = Debug|x86
		{862C07EF-9577-4A0B-81F6-BABB6BD3668B}.AppStore|Any CPU.Build.0 = Debug|x86
		{862C07EF-9577-4A0B-81F6-BABB6BD3668B}.AppStore|Any CPU.Deploy.0 = Debug|x86
		{862C07EF-9577-4A0B-81F6-BABB6BD3668B}.AppStore|ARM.ActiveCfg = Debug|ARM
		{862C07EF-9577-4A0B-81F6-BABB6BD3668B}.AppStore|ARM.Build.0 = Debug|ARM
		{862C07EF-9577-4A0B-81F6-BABB6BD3668B}.AppStore|ARM.Deploy.0 = Debug|ARM
		{862C07EF-9577-4A0B-81F6-BABB6BD3668B}.AppStore|ARM64.ActiveCfg = Debug|ARM64
		{862C07EF-9577-4A0B-81F6-BABB6BD3668B}.AppStore|ARM64.Build.0 = Debug|ARM64
		{862C07EF-9577-4A0B-81F6-BABB6BD3668B}.AppStore|ARM64.Deploy.0 = Debug|ARM64
		{862C07EF-9577-4A0B-81F6-BABB6BD3668B}.AppStore|iPhone.ActiveCfg = Debug|x86
		{862C07EF-9577-4A0B-81F6-BABB6BD3668B}.AppStore|iPhone.Build.0 = Debug|x86
		{862C07EF-9577-4A0B-81F6-BABB6BD3668B}.AppStore|iPhone.Deploy.0 = Debug|x86
		{862C07EF-9577-4A0B-81F6-BABB6BD3668B}.AppStore|iPhoneSimulator.ActiveCfg = Debug|x86
		{862C07EF-9577-4A0B-81F6-BABB6BD3668B}.AppStore|iPhoneSimulator.Build.0 = Debug|x86
		{862C07EF-9577-4A0B-81F6-BABB6BD3668B}.AppStore|iPhoneSimulator.Deploy.0 = Debug|x86
		{862C07EF-9577-4A0B-81F6-BABB6BD3668B}.AppStore|x64.ActiveCfg = Debug|x64
		{862C07EF-9577-4A0B-81F6-BABB6BD3668B}.AppStore|x64.Build.0 = Debug|x64
		{862C07EF-9577-4A0B-81F6-BABB6BD3668B}.AppStore|x64.Deploy.0 = Debug|x64
		{862C07EF-9577-4A0B-81F6-BABB6BD3668B}.AppStore|x86.ActiveCfg = Debug|x86
		{862C07EF-9577-4A0B-81F6-BABB6BD3668B}.AppStore|x86.Build.0 = Debug|x86
		{862C07EF-9577-4A0B-81F6-BABB6BD3668B}.AppStore|x86.Deploy.0 = Debug|x86
		{862C07EF-9577-4A0B-81F6-BABB6BD3668B}.Debug|Any CPU.ActiveCfg = Debug|x86
		{862C07EF-9577-4A0B-81F6-BABB6BD3668B}.Debug|Any CPU.Build.0 = Debug|x86
		{862C07EF-9577-4A0B-81F6-BABB6BD3668B}.Debug|Any CPU.Deploy.0 = Debug|x86
		{862C07EF-9577-4A0B-81F6-BABB6BD3668B}.Debug|ARM.ActiveCfg = Debug|ARM
		{862C07EF-9577-4A0B-81F6-BABB6BD3668B}.Debug|ARM.Build.0 = Debug|ARM
		{862C07EF-9577-4A0B-81F6-BABB6BD3668B}.Debug|ARM.Deploy.0 = Debug|ARM
		{862C07EF-9577-4A0B-81F6-BABB6BD3668B}.Debug|ARM64.ActiveCfg = Debug|ARM64
		{862C07EF-9577-4A0B-81F6-BABB6BD3668B}.Debug|ARM64.Build.0 = Debug|ARM64
		{862C07EF-9577-4A0B-81F6-BABB6BD3668B}.Debug|ARM64.Deploy.0 = Debug|ARM64
		{862C07EF-9577-4A0B-81F6-BABB6BD3668B}.Debug|iPhone.ActiveCfg = Debug|x86
		{862C07EF-9577-4A0B-81F6-BABB6BD3668B}.Debug|iPhoneSimulator.ActiveCfg = Debug|x86
		{862C07EF-9577-4A0B-81F6-BABB6BD3668B}.Debug|x64.ActiveCfg = Debug|x64
		{862C07EF-9577-4A0B-81F6-BABB6BD3668B}.Debug|x64.Build.0 = Debug|x64
		{862C07EF-9577-4A0B-81F6-BABB6BD3668B}.Debug|x64.Deploy.0 = Debug|x64
		{862C07EF-9577-4A0B-81F6-BABB6BD3668B}.Debug|x86.ActiveCfg = Debug|x86
		{862C07EF-9577-4A0B-81F6-BABB6BD3668B}.Debug|x86.Build.0 = Debug|x86
		{862C07EF-9577-4A0B-81F6-BABB6BD3668B}.Debug|x86.Deploy.0 = Debug|x86
		{862C07EF-9577-4A0B-81F6-BABB6BD3668B}.Release|Any CPU.ActiveCfg = Release|x86
		{862C07EF-9577-4A0B-81F6-BABB6BD3668B}.Release|ARM.ActiveCfg = Release|ARM
		{862C07EF-9577-4A0B-81F6-BABB6BD3668B}.Release|ARM.Build.0 = Release|ARM
		{862C07EF-9577-4A0B-81F6-BABB6BD3668B}.Release|ARM.Deploy.0 = Release|ARM
		{862C07EF-9577-4A0B-81F6-BABB6BD3668B}.Release|ARM64.ActiveCfg = Release|ARM64
		{862C07EF-9577-4A0B-81F6-BABB6BD3668B}.Release|ARM64.Build.0 = Release|ARM64
		{862C07EF-9577-4A0B-81F6-BABB6BD3668B}.Release|ARM64.Deploy.0 = Release|ARM64
		{862C07EF-9577-4A0B-81F6-BABB6BD3668B}.Release|iPhone.ActiveCfg = Release|x86
		{862C07EF-9577-4A0B-81F6-BABB6BD3668B}.Release|iPhoneSimulator.ActiveCfg = Release|x86
		{862C07EF-9577-4A0B-81F6-BABB6BD3668B}.Release|x64.ActiveCfg = Release|x64
		{862C07EF-9577-4A0B-81F6-BABB6BD3668B}.Release|x64.Build.0 = Release|x64
		{862C07EF-9577-4A0B-81F6-BABB6BD3668B}.Release|x64.Deploy.0 = Release|x64
		{862C07EF-9577-4A0B-81F6-BABB6BD3668B}.Release|x86.ActiveCfg = Release|x86
		{862C07EF-9577-4A0B-81F6-BABB6BD3668B}.Release|x86.Build.0 = Release|x86
		{862C07EF-9577-4A0B-81F6-BABB6BD3668B}.Release|x86.Deploy.0 = Release|x86
		{C417F51C-5CAD-4135-98DA-9F561E8A2DCE}.Ad-Hoc|Any CPU.ActiveCfg = Debug|Any CPU
		{C417F51C-5CAD-4135-98DA-9F561E8A2DCE}.Ad-Hoc|Any CPU.Build.0 = Debug|Any CPU
		{C417F51C-5CAD-4135-98DA-9F561E8A2DCE}.Ad-Hoc|ARM.ActiveCfg = Debug|Any CPU
		{C417F51C-5CAD-4135-98DA-9F561E8A2DCE}.Ad-Hoc|ARM.Build.0 = Debug|Any CPU
		{C417F51C-5CAD-4135-98DA-9F561E8A2DCE}.Ad-Hoc|ARM64.ActiveCfg = Debug|Any CPU
		{C417F51C-5CAD-4135-98DA-9F561E8A2DCE}.Ad-Hoc|ARM64.Build.0 = Debug|Any CPU
		{C417F51C-5CAD-4135-98DA-9F561E8A2DCE}.Ad-Hoc|iPhone.ActiveCfg = Debug|Any CPU
		{C417F51C-5CAD-4135-98DA-9F561E8A2DCE}.Ad-Hoc|iPhone.Build.0 = Debug|Any CPU
		{C417F51C-5CAD-4135-98DA-9F561E8A2DCE}.Ad-Hoc|iPhoneSimulator.ActiveCfg = Debug|Any CPU
		{C417F51C-5CAD-4135-98DA-9F561E8A2DCE}.Ad-Hoc|iPhoneSimulator.Build.0 = Debug|Any CPU
		{C417F51C-5CAD-4135-98DA-9F561E8A2DCE}.Ad-Hoc|x64.ActiveCfg = Debug|Any CPU
		{C417F51C-5CAD-4135-98DA-9F561E8A2DCE}.Ad-Hoc|x64.Build.0 = Debug|Any CPU
		{C417F51C-5CAD-4135-98DA-9F561E8A2DCE}.Ad-Hoc|x86.ActiveCfg = Debug|Any CPU
		{C417F51C-5CAD-4135-98DA-9F561E8A2DCE}.Ad-Hoc|x86.Build.0 = Debug|Any CPU
		{C417F51C-5CAD-4135-98DA-9F561E8A2DCE}.AppStore|Any CPU.ActiveCfg = Debug|Any CPU
		{C417F51C-5CAD-4135-98DA-9F561E8A2DCE}.AppStore|Any CPU.Build.0 = Debug|Any CPU
		{C417F51C-5CAD-4135-98DA-9F561E8A2DCE}.AppStore|ARM.ActiveCfg = Debug|Any CPU
		{C417F51C-5CAD-4135-98DA-9F561E8A2DCE}.AppStore|ARM.Build.0 = Debug|Any CPU
		{C417F51C-5CAD-4135-98DA-9F561E8A2DCE}.AppStore|ARM64.ActiveCfg = Debug|Any CPU
		{C417F51C-5CAD-4135-98DA-9F561E8A2DCE}.AppStore|ARM64.Build.0 = Debug|Any CPU
		{C417F51C-5CAD-4135-98DA-9F561E8A2DCE}.AppStore|iPhone.ActiveCfg = Debug|Any CPU
		{C417F51C-5CAD-4135-98DA-9F561E8A2DCE}.AppStore|iPhone.Build.0 = Debug|Any CPU
		{C417F51C-5CAD-4135-98DA-9F561E8A2DCE}.AppStore|iPhoneSimulator.ActiveCfg = Debug|Any CPU
		{C417F51C-5CAD-4135-98DA-9F561E8A2DCE}.AppStore|iPhoneSimulator.Build.0 = Debug|Any CPU
		{C417F51C-5CAD-4135-98DA-9F561E8A2DCE}.AppStore|x64.ActiveCfg = Debug|Any CPU
		{C417F51C-5CAD-4135-98DA-9F561E8A2DCE}.AppStore|x64.Build.0 = Debug|Any CPU
		{C417F51C-5CAD-4135-98DA-9F561E8A2DCE}.AppStore|x86.ActiveCfg = Debug|Any CPU
		{C417F51C-5CAD-4135-98DA-9F561E8A2DCE}.AppStore|x86.Build.0 = Debug|Any CPU
		{C417F51C-5CAD-4135-98DA-9F561E8A2DCE}.Debug|Any CPU.ActiveCfg = Debug|Any CPU
		{C417F51C-5CAD-4135-98DA-9F561E8A2DCE}.Debug|Any CPU.Build.0 = Debug|Any CPU
		{C417F51C-5CAD-4135-98DA-9F561E8A2DCE}.Debug|ARM.ActiveCfg = Debug|Any CPU
		{C417F51C-5CAD-4135-98DA-9F561E8A2DCE}.Debug|ARM.Build.0 = Debug|Any CPU
		{C417F51C-5CAD-4135-98DA-9F561E8A2DCE}.Debug|ARM64.ActiveCfg = Debug|Any CPU
		{C417F51C-5CAD-4135-98DA-9F561E8A2DCE}.Debug|ARM64.Build.0 = Debug|Any CPU
		{C417F51C-5CAD-4135-98DA-9F561E8A2DCE}.Debug|iPhone.ActiveCfg = Debug|Any CPU
		{C417F51C-5CAD-4135-98DA-9F561E8A2DCE}.Debug|iPhone.Build.0 = Debug|Any CPU
		{C417F51C-5CAD-4135-98DA-9F561E8A2DCE}.Debug|iPhoneSimulator.ActiveCfg = Debug|Any CPU
		{C417F51C-5CAD-4135-98DA-9F561E8A2DCE}.Debug|iPhoneSimulator.Build.0 = Debug|Any CPU
		{C417F51C-5CAD-4135-98DA-9F561E8A2DCE}.Debug|x64.ActiveCfg = Debug|Any CPU
		{C417F51C-5CAD-4135-98DA-9F561E8A2DCE}.Debug|x64.Build.0 = Debug|Any CPU
		{C417F51C-5CAD-4135-98DA-9F561E8A2DCE}.Debug|x86.ActiveCfg = Debug|Any CPU
		{C417F51C-5CAD-4135-98DA-9F561E8A2DCE}.Debug|x86.Build.0 = Debug|Any CPU
		{C417F51C-5CAD-4135-98DA-9F561E8A2DCE}.Release|Any CPU.ActiveCfg = Release|Any CPU
		{C417F51C-5CAD-4135-98DA-9F561E8A2DCE}.Release|Any CPU.Build.0 = Release|Any CPU
		{C417F51C-5CAD-4135-98DA-9F561E8A2DCE}.Release|ARM.ActiveCfg = Release|Any CPU
		{C417F51C-5CAD-4135-98DA-9F561E8A2DCE}.Release|ARM.Build.0 = Release|Any CPU
		{C417F51C-5CAD-4135-98DA-9F561E8A2DCE}.Release|ARM64.ActiveCfg = Release|Any CPU
		{C417F51C-5CAD-4135-98DA-9F561E8A2DCE}.Release|ARM64.Build.0 = Release|Any CPU
		{C417F51C-5CAD-4135-98DA-9F561E8A2DCE}.Release|iPhone.ActiveCfg = Release|Any CPU
		{C417F51C-5CAD-4135-98DA-9F561E8A2DCE}.Release|iPhone.Build.0 = Release|Any CPU
		{C417F51C-5CAD-4135-98DA-9F561E8A2DCE}.Release|iPhoneSimulator.ActiveCfg = Release|Any CPU
		{C417F51C-5CAD-4135-98DA-9F561E8A2DCE}.Release|iPhoneSimulator.Build.0 = Release|Any CPU
		{C417F51C-5CAD-4135-98DA-9F561E8A2DCE}.Release|x64.ActiveCfg = Release|Any CPU
		{C417F51C-5CAD-4135-98DA-9F561E8A2DCE}.Release|x64.Build.0 = Release|Any CPU
		{C417F51C-5CAD-4135-98DA-9F561E8A2DCE}.Release|x86.ActiveCfg = Release|Any CPU
		{C417F51C-5CAD-4135-98DA-9F561E8A2DCE}.Release|x86.Build.0 = Release|Any CPU
		{448D8C80-F134-4971-A8C3-DECE6242C984}.Ad-Hoc|Any CPU.ActiveCfg = Debug|iPhoneSimulator
		{448D8C80-F134-4971-A8C3-DECE6242C984}.Ad-Hoc|Any CPU.Build.0 = Debug|iPhoneSimulator
		{448D8C80-F134-4971-A8C3-DECE6242C984}.Ad-Hoc|ARM.ActiveCfg = Debug|iPhoneSimulator
		{448D8C80-F134-4971-A8C3-DECE6242C984}.Ad-Hoc|ARM.Build.0 = Debug|iPhoneSimulator
		{448D8C80-F134-4971-A8C3-DECE6242C984}.Ad-Hoc|ARM64.ActiveCfg = Debug|iPhoneSimulator
		{448D8C80-F134-4971-A8C3-DECE6242C984}.Ad-Hoc|ARM64.Build.0 = Debug|iPhoneSimulator
		{448D8C80-F134-4971-A8C3-DECE6242C984}.Ad-Hoc|iPhone.ActiveCfg = Debug|iPhoneSimulator
		{448D8C80-F134-4971-A8C3-DECE6242C984}.Ad-Hoc|iPhone.Build.0 = Debug|iPhoneSimulator
		{448D8C80-F134-4971-A8C3-DECE6242C984}.Ad-Hoc|iPhoneSimulator.ActiveCfg = Debug|iPhoneSimulator
		{448D8C80-F134-4971-A8C3-DECE6242C984}.Ad-Hoc|iPhoneSimulator.Build.0 = Debug|iPhoneSimulator
		{448D8C80-F134-4971-A8C3-DECE6242C984}.Ad-Hoc|x64.ActiveCfg = Debug|iPhoneSimulator
		{448D8C80-F134-4971-A8C3-DECE6242C984}.Ad-Hoc|x64.Build.0 = Debug|iPhoneSimulator
		{448D8C80-F134-4971-A8C3-DECE6242C984}.Ad-Hoc|x86.ActiveCfg = Debug|iPhoneSimulator
		{448D8C80-F134-4971-A8C3-DECE6242C984}.Ad-Hoc|x86.Build.0 = Debug|iPhoneSimulator
		{448D8C80-F134-4971-A8C3-DECE6242C984}.AppStore|Any CPU.ActiveCfg = Debug|iPhoneSimulator
		{448D8C80-F134-4971-A8C3-DECE6242C984}.AppStore|Any CPU.Build.0 = Debug|iPhoneSimulator
		{448D8C80-F134-4971-A8C3-DECE6242C984}.AppStore|ARM.ActiveCfg = Debug|iPhoneSimulator
		{448D8C80-F134-4971-A8C3-DECE6242C984}.AppStore|ARM.Build.0 = Debug|iPhoneSimulator
		{448D8C80-F134-4971-A8C3-DECE6242C984}.AppStore|ARM64.ActiveCfg = Debug|iPhoneSimulator
		{448D8C80-F134-4971-A8C3-DECE6242C984}.AppStore|ARM64.Build.0 = Debug|iPhoneSimulator
		{448D8C80-F134-4971-A8C3-DECE6242C984}.AppStore|iPhone.ActiveCfg = Debug|iPhoneSimulator
		{448D8C80-F134-4971-A8C3-DECE6242C984}.AppStore|iPhone.Build.0 = Debug|iPhoneSimulator
		{448D8C80-F134-4971-A8C3-DECE6242C984}.AppStore|iPhoneSimulator.ActiveCfg = Debug|iPhoneSimulator
		{448D8C80-F134-4971-A8C3-DECE6242C984}.AppStore|iPhoneSimulator.Build.0 = Debug|iPhoneSimulator
		{448D8C80-F134-4971-A8C3-DECE6242C984}.AppStore|x64.ActiveCfg = Debug|iPhoneSimulator
		{448D8C80-F134-4971-A8C3-DECE6242C984}.AppStore|x64.Build.0 = Debug|iPhoneSimulator
		{448D8C80-F134-4971-A8C3-DECE6242C984}.AppStore|x86.ActiveCfg = Debug|iPhoneSimulator
		{448D8C80-F134-4971-A8C3-DECE6242C984}.AppStore|x86.Build.0 = Debug|iPhoneSimulator
		{448D8C80-F134-4971-A8C3-DECE6242C984}.Debug|Any CPU.ActiveCfg = Debug|iPhoneSimulator
		{448D8C80-F134-4971-A8C3-DECE6242C984}.Debug|ARM.ActiveCfg = Debug|iPhoneSimulator
		{448D8C80-F134-4971-A8C3-DECE6242C984}.Debug|ARM64.ActiveCfg = Debug|iPhoneSimulator
		{448D8C80-F134-4971-A8C3-DECE6242C984}.Debug|iPhone.ActiveCfg = Debug|iPhoneSimulator
		{448D8C80-F134-4971-A8C3-DECE6242C984}.Debug|iPhoneSimulator.ActiveCfg = Debug|iPhoneSimulator
		{448D8C80-F134-4971-A8C3-DECE6242C984}.Debug|iPhoneSimulator.Build.0 = Debug|iPhoneSimulator
		{448D8C80-F134-4971-A8C3-DECE6242C984}.Debug|x64.ActiveCfg = Debug|iPhoneSimulator
		{448D8C80-F134-4971-A8C3-DECE6242C984}.Debug|x86.ActiveCfg = Debug|iPhoneSimulator
		{448D8C80-F134-4971-A8C3-DECE6242C984}.Release|Any CPU.ActiveCfg = Release|iPhoneSimulator
		{448D8C80-F134-4971-A8C3-DECE6242C984}.Release|ARM.ActiveCfg = Release|iPhoneSimulator
		{448D8C80-F134-4971-A8C3-DECE6242C984}.Release|ARM64.ActiveCfg = Release|iPhoneSimulator
		{448D8C80-F134-4971-A8C3-DECE6242C984}.Release|iPhone.ActiveCfg = Release|iPhoneSimulator
		{448D8C80-F134-4971-A8C3-DECE6242C984}.Release|iPhoneSimulator.ActiveCfg = Release|iPhoneSimulator
		{448D8C80-F134-4971-A8C3-DECE6242C984}.Release|iPhoneSimulator.Build.0 = Release|iPhoneSimulator
		{448D8C80-F134-4971-A8C3-DECE6242C984}.Release|x64.ActiveCfg = Release|iPhoneSimulator
		{448D8C80-F134-4971-A8C3-DECE6242C984}.Release|x86.ActiveCfg = Release|iPhoneSimulator
		{2AD8D26E-789A-4773-A0FC-35B3B71E5E82}.Ad-Hoc|Any CPU.ActiveCfg = Debug|Any CPU
		{2AD8D26E-789A-4773-A0FC-35B3B71E5E82}.Ad-Hoc|Any CPU.Build.0 = Debug|Any CPU
		{2AD8D26E-789A-4773-A0FC-35B3B71E5E82}.Ad-Hoc|ARM.ActiveCfg = Debug|Any CPU
		{2AD8D26E-789A-4773-A0FC-35B3B71E5E82}.Ad-Hoc|ARM.Build.0 = Debug|Any CPU
		{2AD8D26E-789A-4773-A0FC-35B3B71E5E82}.Ad-Hoc|ARM64.ActiveCfg = Debug|Any CPU
		{2AD8D26E-789A-4773-A0FC-35B3B71E5E82}.Ad-Hoc|ARM64.Build.0 = Debug|Any CPU
		{2AD8D26E-789A-4773-A0FC-35B3B71E5E82}.Ad-Hoc|iPhone.ActiveCfg = Debug|Any CPU
		{2AD8D26E-789A-4773-A0FC-35B3B71E5E82}.Ad-Hoc|iPhone.Build.0 = Debug|Any CPU
		{2AD8D26E-789A-4773-A0FC-35B3B71E5E82}.Ad-Hoc|iPhoneSimulator.ActiveCfg = Debug|Any CPU
		{2AD8D26E-789A-4773-A0FC-35B3B71E5E82}.Ad-Hoc|iPhoneSimulator.Build.0 = Debug|Any CPU
		{2AD8D26E-789A-4773-A0FC-35B3B71E5E82}.Ad-Hoc|x64.ActiveCfg = Debug|Any CPU
		{2AD8D26E-789A-4773-A0FC-35B3B71E5E82}.Ad-Hoc|x64.Build.0 = Debug|Any CPU
		{2AD8D26E-789A-4773-A0FC-35B3B71E5E82}.Ad-Hoc|x86.ActiveCfg = Debug|Any CPU
		{2AD8D26E-789A-4773-A0FC-35B3B71E5E82}.Ad-Hoc|x86.Build.0 = Debug|Any CPU
		{2AD8D26E-789A-4773-A0FC-35B3B71E5E82}.AppStore|Any CPU.ActiveCfg = Debug|Any CPU
		{2AD8D26E-789A-4773-A0FC-35B3B71E5E82}.AppStore|Any CPU.Build.0 = Debug|Any CPU
		{2AD8D26E-789A-4773-A0FC-35B3B71E5E82}.AppStore|ARM.ActiveCfg = Debug|Any CPU
		{2AD8D26E-789A-4773-A0FC-35B3B71E5E82}.AppStore|ARM.Build.0 = Debug|Any CPU
		{2AD8D26E-789A-4773-A0FC-35B3B71E5E82}.AppStore|ARM64.ActiveCfg = Debug|Any CPU
		{2AD8D26E-789A-4773-A0FC-35B3B71E5E82}.AppStore|ARM64.Build.0 = Debug|Any CPU
		{2AD8D26E-789A-4773-A0FC-35B3B71E5E82}.AppStore|iPhone.ActiveCfg = Debug|Any CPU
		{2AD8D26E-789A-4773-A0FC-35B3B71E5E82}.AppStore|iPhone.Build.0 = Debug|Any CPU
		{2AD8D26E-789A-4773-A0FC-35B3B71E5E82}.AppStore|iPhoneSimulator.ActiveCfg = Debug|Any CPU
		{2AD8D26E-789A-4773-A0FC-35B3B71E5E82}.AppStore|iPhoneSimulator.Build.0 = Debug|Any CPU
		{2AD8D26E-789A-4773-A0FC-35B3B71E5E82}.AppStore|x64.ActiveCfg = Debug|Any CPU
		{2AD8D26E-789A-4773-A0FC-35B3B71E5E82}.AppStore|x64.Build.0 = Debug|Any CPU
		{2AD8D26E-789A-4773-A0FC-35B3B71E5E82}.AppStore|x86.ActiveCfg = Debug|Any CPU
		{2AD8D26E-789A-4773-A0FC-35B3B71E5E82}.AppStore|x86.Build.0 = Debug|Any CPU
		{2AD8D26E-789A-4773-A0FC-35B3B71E5E82}.Debug|Any CPU.ActiveCfg = Debug|Any CPU
		{2AD8D26E-789A-4773-A0FC-35B3B71E5E82}.Debug|Any CPU.Build.0 = Debug|Any CPU
		{2AD8D26E-789A-4773-A0FC-35B3B71E5E82}.Debug|ARM.ActiveCfg = Debug|Any CPU
		{2AD8D26E-789A-4773-A0FC-35B3B71E5E82}.Debug|ARM.Build.0 = Debug|Any CPU
		{2AD8D26E-789A-4773-A0FC-35B3B71E5E82}.Debug|ARM64.ActiveCfg = Debug|Any CPU
		{2AD8D26E-789A-4773-A0FC-35B3B71E5E82}.Debug|ARM64.Build.0 = Debug|Any CPU
		{2AD8D26E-789A-4773-A0FC-35B3B71E5E82}.Debug|iPhone.ActiveCfg = Debug|Any CPU
		{2AD8D26E-789A-4773-A0FC-35B3B71E5E82}.Debug|iPhone.Build.0 = Debug|Any CPU
		{2AD8D26E-789A-4773-A0FC-35B3B71E5E82}.Debug|iPhoneSimulator.ActiveCfg = Debug|Any CPU
		{2AD8D26E-789A-4773-A0FC-35B3B71E5E82}.Debug|iPhoneSimulator.Build.0 = Debug|Any CPU
		{2AD8D26E-789A-4773-A0FC-35B3B71E5E82}.Debug|x64.ActiveCfg = Debug|Any CPU
		{2AD8D26E-789A-4773-A0FC-35B3B71E5E82}.Debug|x64.Build.0 = Debug|Any CPU
		{2AD8D26E-789A-4773-A0FC-35B3B71E5E82}.Debug|x86.ActiveCfg = Debug|Any CPU
		{2AD8D26E-789A-4773-A0FC-35B3B71E5E82}.Debug|x86.Build.0 = Debug|Any CPU
		{2AD8D26E-789A-4773-A0FC-35B3B71E5E82}.Release|Any CPU.ActiveCfg = Release|Any CPU
		{2AD8D26E-789A-4773-A0FC-35B3B71E5E82}.Release|Any CPU.Build.0 = Release|Any CPU
		{2AD8D26E-789A-4773-A0FC-35B3B71E5E82}.Release|ARM.ActiveCfg = Release|Any CPU
		{2AD8D26E-789A-4773-A0FC-35B3B71E5E82}.Release|ARM.Build.0 = Release|Any CPU
		{2AD8D26E-789A-4773-A0FC-35B3B71E5E82}.Release|ARM64.ActiveCfg = Release|Any CPU
		{2AD8D26E-789A-4773-A0FC-35B3B71E5E82}.Release|ARM64.Build.0 = Release|Any CPU
		{2AD8D26E-789A-4773-A0FC-35B3B71E5E82}.Release|iPhone.ActiveCfg = Release|Any CPU
		{2AD8D26E-789A-4773-A0FC-35B3B71E5E82}.Release|iPhone.Build.0 = Release|Any CPU
		{2AD8D26E-789A-4773-A0FC-35B3B71E5E82}.Release|iPhoneSimulator.ActiveCfg = Release|Any CPU
		{2AD8D26E-789A-4773-A0FC-35B3B71E5E82}.Release|iPhoneSimulator.Build.0 = Release|Any CPU
		{2AD8D26E-789A-4773-A0FC-35B3B71E5E82}.Release|x64.ActiveCfg = Release|Any CPU
		{2AD8D26E-789A-4773-A0FC-35B3B71E5E82}.Release|x64.Build.0 = Release|Any CPU
		{2AD8D26E-789A-4773-A0FC-35B3B71E5E82}.Release|x86.ActiveCfg = Release|Any CPU
		{2AD8D26E-789A-4773-A0FC-35B3B71E5E82}.Release|x86.Build.0 = Release|Any CPU
		{4211F38F-9032-4A7B-966B-21A5A5CE0C01}.Ad-Hoc|Any CPU.ActiveCfg = Debug|Any CPU
		{4211F38F-9032-4A7B-966B-21A5A5CE0C01}.Ad-Hoc|Any CPU.Build.0 = Debug|Any CPU
		{4211F38F-9032-4A7B-966B-21A5A5CE0C01}.Ad-Hoc|ARM.ActiveCfg = Debug|Any CPU
		{4211F38F-9032-4A7B-966B-21A5A5CE0C01}.Ad-Hoc|ARM.Build.0 = Debug|Any CPU
		{4211F38F-9032-4A7B-966B-21A5A5CE0C01}.Ad-Hoc|ARM64.ActiveCfg = Debug|Any CPU
		{4211F38F-9032-4A7B-966B-21A5A5CE0C01}.Ad-Hoc|ARM64.Build.0 = Debug|Any CPU
		{4211F38F-9032-4A7B-966B-21A5A5CE0C01}.Ad-Hoc|iPhone.ActiveCfg = Debug|Any CPU
		{4211F38F-9032-4A7B-966B-21A5A5CE0C01}.Ad-Hoc|iPhone.Build.0 = Debug|Any CPU
		{4211F38F-9032-4A7B-966B-21A5A5CE0C01}.Ad-Hoc|iPhoneSimulator.ActiveCfg = Debug|Any CPU
		{4211F38F-9032-4A7B-966B-21A5A5CE0C01}.Ad-Hoc|iPhoneSimulator.Build.0 = Debug|Any CPU
		{4211F38F-9032-4A7B-966B-21A5A5CE0C01}.Ad-Hoc|x64.ActiveCfg = Debug|Any CPU
		{4211F38F-9032-4A7B-966B-21A5A5CE0C01}.Ad-Hoc|x64.Build.0 = Debug|Any CPU
		{4211F38F-9032-4A7B-966B-21A5A5CE0C01}.Ad-Hoc|x86.ActiveCfg = Debug|Any CPU
		{4211F38F-9032-4A7B-966B-21A5A5CE0C01}.Ad-Hoc|x86.Build.0 = Debug|Any CPU
		{4211F38F-9032-4A7B-966B-21A5A5CE0C01}.AppStore|Any CPU.ActiveCfg = Debug|Any CPU
		{4211F38F-9032-4A7B-966B-21A5A5CE0C01}.AppStore|Any CPU.Build.0 = Debug|Any CPU
		{4211F38F-9032-4A7B-966B-21A5A5CE0C01}.AppStore|ARM.ActiveCfg = Debug|Any CPU
		{4211F38F-9032-4A7B-966B-21A5A5CE0C01}.AppStore|ARM.Build.0 = Debug|Any CPU
		{4211F38F-9032-4A7B-966B-21A5A5CE0C01}.AppStore|ARM64.ActiveCfg = Debug|Any CPU
		{4211F38F-9032-4A7B-966B-21A5A5CE0C01}.AppStore|ARM64.Build.0 = Debug|Any CPU
		{4211F38F-9032-4A7B-966B-21A5A5CE0C01}.AppStore|iPhone.ActiveCfg = Debug|Any CPU
		{4211F38F-9032-4A7B-966B-21A5A5CE0C01}.AppStore|iPhone.Build.0 = Debug|Any CPU
		{4211F38F-9032-4A7B-966B-21A5A5CE0C01}.AppStore|iPhoneSimulator.ActiveCfg = Debug|Any CPU
		{4211F38F-9032-4A7B-966B-21A5A5CE0C01}.AppStore|iPhoneSimulator.Build.0 = Debug|Any CPU
		{4211F38F-9032-4A7B-966B-21A5A5CE0C01}.AppStore|x64.ActiveCfg = Debug|Any CPU
		{4211F38F-9032-4A7B-966B-21A5A5CE0C01}.AppStore|x64.Build.0 = Debug|Any CPU
		{4211F38F-9032-4A7B-966B-21A5A5CE0C01}.AppStore|x86.ActiveCfg = Debug|Any CPU
		{4211F38F-9032-4A7B-966B-21A5A5CE0C01}.AppStore|x86.Build.0 = Debug|Any CPU
		{4211F38F-9032-4A7B-966B-21A5A5CE0C01}.Debug|Any CPU.ActiveCfg = Debug|Any CPU
		{4211F38F-9032-4A7B-966B-21A5A5CE0C01}.Debug|Any CPU.Build.0 = Debug|Any CPU
		{4211F38F-9032-4A7B-966B-21A5A5CE0C01}.Debug|ARM.ActiveCfg = Debug|Any CPU
		{4211F38F-9032-4A7B-966B-21A5A5CE0C01}.Debug|ARM.Build.0 = Debug|Any CPU
		{4211F38F-9032-4A7B-966B-21A5A5CE0C01}.Debug|ARM64.ActiveCfg = Debug|Any CPU
		{4211F38F-9032-4A7B-966B-21A5A5CE0C01}.Debug|ARM64.Build.0 = Debug|Any CPU
		{4211F38F-9032-4A7B-966B-21A5A5CE0C01}.Debug|iPhone.ActiveCfg = Debug|Any CPU
		{4211F38F-9032-4A7B-966B-21A5A5CE0C01}.Debug|iPhone.Build.0 = Debug|Any CPU
		{4211F38F-9032-4A7B-966B-21A5A5CE0C01}.Debug|iPhoneSimulator.ActiveCfg = Debug|Any CPU
		{4211F38F-9032-4A7B-966B-21A5A5CE0C01}.Debug|iPhoneSimulator.Build.0 = Debug|Any CPU
		{4211F38F-9032-4A7B-966B-21A5A5CE0C01}.Debug|x64.ActiveCfg = Debug|Any CPU
		{4211F38F-9032-4A7B-966B-21A5A5CE0C01}.Debug|x64.Build.0 = Debug|Any CPU
		{4211F38F-9032-4A7B-966B-21A5A5CE0C01}.Debug|x86.ActiveCfg = Debug|Any CPU
		{4211F38F-9032-4A7B-966B-21A5A5CE0C01}.Debug|x86.Build.0 = Debug|Any CPU
		{4211F38F-9032-4A7B-966B-21A5A5CE0C01}.Release|Any CPU.ActiveCfg = Release|Any CPU
		{4211F38F-9032-4A7B-966B-21A5A5CE0C01}.Release|Any CPU.Build.0 = Release|Any CPU
		{4211F38F-9032-4A7B-966B-21A5A5CE0C01}.Release|ARM.ActiveCfg = Release|Any CPU
		{4211F38F-9032-4A7B-966B-21A5A5CE0C01}.Release|ARM.Build.0 = Release|Any CPU
		{4211F38F-9032-4A7B-966B-21A5A5CE0C01}.Release|ARM64.ActiveCfg = Release|Any CPU
		{4211F38F-9032-4A7B-966B-21A5A5CE0C01}.Release|ARM64.Build.0 = Release|Any CPU
		{4211F38F-9032-4A7B-966B-21A5A5CE0C01}.Release|iPhone.ActiveCfg = Release|Any CPU
		{4211F38F-9032-4A7B-966B-21A5A5CE0C01}.Release|iPhone.Build.0 = Release|Any CPU
		{4211F38F-9032-4A7B-966B-21A5A5CE0C01}.Release|iPhoneSimulator.ActiveCfg = Release|Any CPU
		{4211F38F-9032-4A7B-966B-21A5A5CE0C01}.Release|iPhoneSimulator.Build.0 = Release|Any CPU
		{4211F38F-9032-4A7B-966B-21A5A5CE0C01}.Release|x64.ActiveCfg = Release|Any CPU
		{4211F38F-9032-4A7B-966B-21A5A5CE0C01}.Release|x64.Build.0 = Release|Any CPU
		{4211F38F-9032-4A7B-966B-21A5A5CE0C01}.Release|x86.ActiveCfg = Release|Any CPU
		{4211F38F-9032-4A7B-966B-21A5A5CE0C01}.Release|x86.Build.0 = Release|Any CPU
		{A5938816-9137-474E-9CAD-CC4D93C67E04}.Ad-Hoc|Any CPU.ActiveCfg = Debug|Any CPU
		{A5938816-9137-474E-9CAD-CC4D93C67E04}.Ad-Hoc|Any CPU.Build.0 = Debug|Any CPU
		{A5938816-9137-474E-9CAD-CC4D93C67E04}.Ad-Hoc|ARM.ActiveCfg = Debug|Any CPU
		{A5938816-9137-474E-9CAD-CC4D93C67E04}.Ad-Hoc|ARM.Build.0 = Debug|Any CPU
		{A5938816-9137-474E-9CAD-CC4D93C67E04}.Ad-Hoc|ARM64.ActiveCfg = Debug|Any CPU
		{A5938816-9137-474E-9CAD-CC4D93C67E04}.Ad-Hoc|ARM64.Build.0 = Debug|Any CPU
		{A5938816-9137-474E-9CAD-CC4D93C67E04}.Ad-Hoc|iPhone.ActiveCfg = Debug|Any CPU
		{A5938816-9137-474E-9CAD-CC4D93C67E04}.Ad-Hoc|iPhone.Build.0 = Debug|Any CPU
		{A5938816-9137-474E-9CAD-CC4D93C67E04}.Ad-Hoc|iPhoneSimulator.ActiveCfg = Debug|Any CPU
		{A5938816-9137-474E-9CAD-CC4D93C67E04}.Ad-Hoc|iPhoneSimulator.Build.0 = Debug|Any CPU
		{A5938816-9137-474E-9CAD-CC4D93C67E04}.Ad-Hoc|x64.ActiveCfg = Debug|Any CPU
		{A5938816-9137-474E-9CAD-CC4D93C67E04}.Ad-Hoc|x64.Build.0 = Debug|Any CPU
		{A5938816-9137-474E-9CAD-CC4D93C67E04}.Ad-Hoc|x86.ActiveCfg = Debug|Any CPU
		{A5938816-9137-474E-9CAD-CC4D93C67E04}.Ad-Hoc|x86.Build.0 = Debug|Any CPU
		{A5938816-9137-474E-9CAD-CC4D93C67E04}.AppStore|Any CPU.ActiveCfg = Debug|Any CPU
		{A5938816-9137-474E-9CAD-CC4D93C67E04}.AppStore|Any CPU.Build.0 = Debug|Any CPU
		{A5938816-9137-474E-9CAD-CC4D93C67E04}.AppStore|ARM.ActiveCfg = Debug|Any CPU
		{A5938816-9137-474E-9CAD-CC4D93C67E04}.AppStore|ARM.Build.0 = Debug|Any CPU
		{A5938816-9137-474E-9CAD-CC4D93C67E04}.AppStore|ARM64.ActiveCfg = Debug|Any CPU
		{A5938816-9137-474E-9CAD-CC4D93C67E04}.AppStore|ARM64.Build.0 = Debug|Any CPU
		{A5938816-9137-474E-9CAD-CC4D93C67E04}.AppStore|iPhone.ActiveCfg = Debug|Any CPU
		{A5938816-9137-474E-9CAD-CC4D93C67E04}.AppStore|iPhone.Build.0 = Debug|Any CPU
		{A5938816-9137-474E-9CAD-CC4D93C67E04}.AppStore|iPhoneSimulator.ActiveCfg = Debug|Any CPU
		{A5938816-9137-474E-9CAD-CC4D93C67E04}.AppStore|iPhoneSimulator.Build.0 = Debug|Any CPU
		{A5938816-9137-474E-9CAD-CC4D93C67E04}.AppStore|x64.ActiveCfg = Debug|Any CPU
		{A5938816-9137-474E-9CAD-CC4D93C67E04}.AppStore|x64.Build.0 = Debug|Any CPU
		{A5938816-9137-474E-9CAD-CC4D93C67E04}.AppStore|x86.ActiveCfg = Debug|Any CPU
		{A5938816-9137-474E-9CAD-CC4D93C67E04}.AppStore|x86.Build.0 = Debug|Any CPU
		{A5938816-9137-474E-9CAD-CC4D93C67E04}.Debug|Any CPU.ActiveCfg = Debug|Any CPU
		{A5938816-9137-474E-9CAD-CC4D93C67E04}.Debug|Any CPU.Build.0 = Debug|Any CPU
		{A5938816-9137-474E-9CAD-CC4D93C67E04}.Debug|ARM.ActiveCfg = Debug|Any CPU
		{A5938816-9137-474E-9CAD-CC4D93C67E04}.Debug|ARM.Build.0 = Debug|Any CPU
		{A5938816-9137-474E-9CAD-CC4D93C67E04}.Debug|ARM64.ActiveCfg = Debug|Any CPU
		{A5938816-9137-474E-9CAD-CC4D93C67E04}.Debug|ARM64.Build.0 = Debug|Any CPU
		{A5938816-9137-474E-9CAD-CC4D93C67E04}.Debug|iPhone.ActiveCfg = Debug|Any CPU
		{A5938816-9137-474E-9CAD-CC4D93C67E04}.Debug|iPhone.Build.0 = Debug|Any CPU
		{A5938816-9137-474E-9CAD-CC4D93C67E04}.Debug|iPhoneSimulator.ActiveCfg = Debug|Any CPU
		{A5938816-9137-474E-9CAD-CC4D93C67E04}.Debug|iPhoneSimulator.Build.0 = Debug|Any CPU
		{A5938816-9137-474E-9CAD-CC4D93C67E04}.Debug|x64.ActiveCfg = Debug|Any CPU
		{A5938816-9137-474E-9CAD-CC4D93C67E04}.Debug|x64.Build.0 = Debug|Any CPU
		{A5938816-9137-474E-9CAD-CC4D93C67E04}.Debug|x86.ActiveCfg = Debug|Any CPU
		{A5938816-9137-474E-9CAD-CC4D93C67E04}.Debug|x86.Build.0 = Debug|Any CPU
		{A5938816-9137-474E-9CAD-CC4D93C67E04}.Release|Any CPU.ActiveCfg = Release|Any CPU
		{A5938816-9137-474E-9CAD-CC4D93C67E04}.Release|Any CPU.Build.0 = Release|Any CPU
		{A5938816-9137-474E-9CAD-CC4D93C67E04}.Release|ARM.ActiveCfg = Release|Any CPU
		{A5938816-9137-474E-9CAD-CC4D93C67E04}.Release|ARM.Build.0 = Release|Any CPU
		{A5938816-9137-474E-9CAD-CC4D93C67E04}.Release|ARM64.ActiveCfg = Release|Any CPU
		{A5938816-9137-474E-9CAD-CC4D93C67E04}.Release|ARM64.Build.0 = Release|Any CPU
		{A5938816-9137-474E-9CAD-CC4D93C67E04}.Release|iPhone.ActiveCfg = Release|Any CPU
		{A5938816-9137-474E-9CAD-CC4D93C67E04}.Release|iPhone.Build.0 = Release|Any CPU
		{A5938816-9137-474E-9CAD-CC4D93C67E04}.Release|iPhoneSimulator.ActiveCfg = Release|Any CPU
		{A5938816-9137-474E-9CAD-CC4D93C67E04}.Release|iPhoneSimulator.Build.0 = Release|Any CPU
		{A5938816-9137-474E-9CAD-CC4D93C67E04}.Release|x64.ActiveCfg = Release|Any CPU
		{A5938816-9137-474E-9CAD-CC4D93C67E04}.Release|x64.Build.0 = Release|Any CPU
		{A5938816-9137-474E-9CAD-CC4D93C67E04}.Release|x86.ActiveCfg = Release|Any CPU
		{A5938816-9137-474E-9CAD-CC4D93C67E04}.Release|x86.Build.0 = Release|Any CPU
		{3DCA1F90-B3C9-4C7A-80E5-CA5EFBB2602B}.Ad-Hoc|Any CPU.ActiveCfg = Debug|Any CPU
		{3DCA1F90-B3C9-4C7A-80E5-CA5EFBB2602B}.Ad-Hoc|Any CPU.Build.0 = Debug|Any CPU
		{3DCA1F90-B3C9-4C7A-80E5-CA5EFBB2602B}.Ad-Hoc|ARM.ActiveCfg = Debug|Any CPU
		{3DCA1F90-B3C9-4C7A-80E5-CA5EFBB2602B}.Ad-Hoc|ARM.Build.0 = Debug|Any CPU
		{3DCA1F90-B3C9-4C7A-80E5-CA5EFBB2602B}.Ad-Hoc|ARM64.ActiveCfg = Debug|Any CPU
		{3DCA1F90-B3C9-4C7A-80E5-CA5EFBB2602B}.Ad-Hoc|ARM64.Build.0 = Debug|Any CPU
		{3DCA1F90-B3C9-4C7A-80E5-CA5EFBB2602B}.Ad-Hoc|iPhone.ActiveCfg = Debug|Any CPU
		{3DCA1F90-B3C9-4C7A-80E5-CA5EFBB2602B}.Ad-Hoc|iPhone.Build.0 = Debug|Any CPU
		{3DCA1F90-B3C9-4C7A-80E5-CA5EFBB2602B}.Ad-Hoc|iPhoneSimulator.ActiveCfg = Debug|Any CPU
		{3DCA1F90-B3C9-4C7A-80E5-CA5EFBB2602B}.Ad-Hoc|iPhoneSimulator.Build.0 = Debug|Any CPU
		{3DCA1F90-B3C9-4C7A-80E5-CA5EFBB2602B}.Ad-Hoc|x64.ActiveCfg = Debug|Any CPU
		{3DCA1F90-B3C9-4C7A-80E5-CA5EFBB2602B}.Ad-Hoc|x64.Build.0 = Debug|Any CPU
		{3DCA1F90-B3C9-4C7A-80E5-CA5EFBB2602B}.Ad-Hoc|x86.ActiveCfg = Debug|Any CPU
		{3DCA1F90-B3C9-4C7A-80E5-CA5EFBB2602B}.Ad-Hoc|x86.Build.0 = Debug|Any CPU
		{3DCA1F90-B3C9-4C7A-80E5-CA5EFBB2602B}.AppStore|Any CPU.ActiveCfg = Debug|Any CPU
		{3DCA1F90-B3C9-4C7A-80E5-CA5EFBB2602B}.AppStore|Any CPU.Build.0 = Debug|Any CPU
		{3DCA1F90-B3C9-4C7A-80E5-CA5EFBB2602B}.AppStore|ARM.ActiveCfg = Debug|Any CPU
		{3DCA1F90-B3C9-4C7A-80E5-CA5EFBB2602B}.AppStore|ARM.Build.0 = Debug|Any CPU
		{3DCA1F90-B3C9-4C7A-80E5-CA5EFBB2602B}.AppStore|ARM64.ActiveCfg = Debug|Any CPU
		{3DCA1F90-B3C9-4C7A-80E5-CA5EFBB2602B}.AppStore|ARM64.Build.0 = Debug|Any CPU
		{3DCA1F90-B3C9-4C7A-80E5-CA5EFBB2602B}.AppStore|iPhone.ActiveCfg = Debug|Any CPU
		{3DCA1F90-B3C9-4C7A-80E5-CA5EFBB2602B}.AppStore|iPhone.Build.0 = Debug|Any CPU
		{3DCA1F90-B3C9-4C7A-80E5-CA5EFBB2602B}.AppStore|iPhoneSimulator.ActiveCfg = Debug|Any CPU
		{3DCA1F90-B3C9-4C7A-80E5-CA5EFBB2602B}.AppStore|iPhoneSimulator.Build.0 = Debug|Any CPU
		{3DCA1F90-B3C9-4C7A-80E5-CA5EFBB2602B}.AppStore|x64.ActiveCfg = Debug|Any CPU
		{3DCA1F90-B3C9-4C7A-80E5-CA5EFBB2602B}.AppStore|x64.Build.0 = Debug|Any CPU
		{3DCA1F90-B3C9-4C7A-80E5-CA5EFBB2602B}.AppStore|x86.ActiveCfg = Debug|Any CPU
		{3DCA1F90-B3C9-4C7A-80E5-CA5EFBB2602B}.AppStore|x86.Build.0 = Debug|Any CPU
		{3DCA1F90-B3C9-4C7A-80E5-CA5EFBB2602B}.Debug|Any CPU.ActiveCfg = Debug|Any CPU
		{3DCA1F90-B3C9-4C7A-80E5-CA5EFBB2602B}.Debug|Any CPU.Build.0 = Debug|Any CPU
		{3DCA1F90-B3C9-4C7A-80E5-CA5EFBB2602B}.Debug|ARM.ActiveCfg = Debug|Any CPU
		{3DCA1F90-B3C9-4C7A-80E5-CA5EFBB2602B}.Debug|ARM.Build.0 = Debug|Any CPU
		{3DCA1F90-B3C9-4C7A-80E5-CA5EFBB2602B}.Debug|ARM64.ActiveCfg = Debug|Any CPU
		{3DCA1F90-B3C9-4C7A-80E5-CA5EFBB2602B}.Debug|ARM64.Build.0 = Debug|Any CPU
		{3DCA1F90-B3C9-4C7A-80E5-CA5EFBB2602B}.Debug|iPhone.ActiveCfg = Debug|Any CPU
		{3DCA1F90-B3C9-4C7A-80E5-CA5EFBB2602B}.Debug|iPhone.Build.0 = Debug|Any CPU
		{3DCA1F90-B3C9-4C7A-80E5-CA5EFBB2602B}.Debug|iPhoneSimulator.ActiveCfg = Debug|Any CPU
		{3DCA1F90-B3C9-4C7A-80E5-CA5EFBB2602B}.Debug|iPhoneSimulator.Build.0 = Debug|Any CPU
		{3DCA1F90-B3C9-4C7A-80E5-CA5EFBB2602B}.Debug|x64.ActiveCfg = Debug|Any CPU
		{3DCA1F90-B3C9-4C7A-80E5-CA5EFBB2602B}.Debug|x64.Build.0 = Debug|Any CPU
		{3DCA1F90-B3C9-4C7A-80E5-CA5EFBB2602B}.Debug|x86.ActiveCfg = Debug|Any CPU
		{3DCA1F90-B3C9-4C7A-80E5-CA5EFBB2602B}.Debug|x86.Build.0 = Debug|Any CPU
		{3DCA1F90-B3C9-4C7A-80E5-CA5EFBB2602B}.Release|Any CPU.ActiveCfg = Release|Any CPU
		{3DCA1F90-B3C9-4C7A-80E5-CA5EFBB2602B}.Release|Any CPU.Build.0 = Release|Any CPU
		{3DCA1F90-B3C9-4C7A-80E5-CA5EFBB2602B}.Release|ARM.ActiveCfg = Release|Any CPU
		{3DCA1F90-B3C9-4C7A-80E5-CA5EFBB2602B}.Release|ARM.Build.0 = Release|Any CPU
		{3DCA1F90-B3C9-4C7A-80E5-CA5EFBB2602B}.Release|ARM64.ActiveCfg = Release|Any CPU
		{3DCA1F90-B3C9-4C7A-80E5-CA5EFBB2602B}.Release|ARM64.Build.0 = Release|Any CPU
		{3DCA1F90-B3C9-4C7A-80E5-CA5EFBB2602B}.Release|iPhone.ActiveCfg = Release|Any CPU
		{3DCA1F90-B3C9-4C7A-80E5-CA5EFBB2602B}.Release|iPhone.Build.0 = Release|Any CPU
		{3DCA1F90-B3C9-4C7A-80E5-CA5EFBB2602B}.Release|iPhoneSimulator.ActiveCfg = Release|Any CPU
		{3DCA1F90-B3C9-4C7A-80E5-CA5EFBB2602B}.Release|iPhoneSimulator.Build.0 = Release|Any CPU
		{3DCA1F90-B3C9-4C7A-80E5-CA5EFBB2602B}.Release|x64.ActiveCfg = Release|Any CPU
		{3DCA1F90-B3C9-4C7A-80E5-CA5EFBB2602B}.Release|x64.Build.0 = Release|Any CPU
		{3DCA1F90-B3C9-4C7A-80E5-CA5EFBB2602B}.Release|x86.ActiveCfg = Release|Any CPU
		{3DCA1F90-B3C9-4C7A-80E5-CA5EFBB2602B}.Release|x86.Build.0 = Release|Any CPU
	EndGlobalSection
	GlobalSection(SolutionProperties) = preSolution
		HideSolutionNode = FALSE
	EndGlobalSection
	GlobalSection(NestedProjects) = preSolution
		{3928C573-5B12-406F-A8CC-CE1138122082} = {82613132-51BF-4F0C-A668-51450C215264}
		{2AD4DB8B-0AF3-40D5-AF60-8F135493F853} = {82613132-51BF-4F0C-A668-51450C215264}
		{862C07EF-9577-4A0B-81F6-BABB6BD3668B} = {82613132-51BF-4F0C-A668-51450C215264}
		{C417F51C-5CAD-4135-98DA-9F561E8A2DCE} = {82613132-51BF-4F0C-A668-51450C215264}
		{448D8C80-F134-4971-A8C3-DECE6242C984} = {82613132-51BF-4F0C-A668-51450C215264}
		{2AD8D26E-789A-4773-A0FC-35B3B71E5E82} = {82613132-51BF-4F0C-A668-51450C215264}
		{4211F38F-9032-4A7B-966B-21A5A5CE0C01} = {82613132-51BF-4F0C-A668-51450C215264}
		{A5938816-9137-474E-9CAD-CC4D93C67E04} = {82613132-51BF-4F0C-A668-51450C215264}
		{3DCA1F90-B3C9-4C7A-80E5-CA5EFBB2602B} = {82613132-51BF-4F0C-A668-51450C215264}
	EndGlobalSection
	GlobalSection(ExtensibilityGlobals) = postSolution
		SolutionGuid = {57EB5B18-25FC-4985-8E71-9A7F9FC0CE88}
	EndGlobalSection
EndGlobal
